
Microsoft Visual Studio Solution File, Format Version 12.00
# Visual Studio Version 17
VisualStudioVersion = 17.10.34928.147
MinimumVisualStudioVersion = 10.0.40219.1
Project("{FAE04EC0-301F-11D3-BF4B-00C04F79EFBC}") = "FoodBank.API", "FoodBank.API\FoodBank.API.csproj", "{79B7B0CB-344E-401E-8CDF-7D9395C96DB3}"
EndProject
Project("{FAE04EC0-301F-11D3-BF4B-00C04F79EFBC}") = "FoodBank.CORE", "FoodBank.Core\FoodBank.CORE.csproj", "{1204AD5E-F10A-49C4-A768-870B3CDC62B3}"
EndProject
Project("{FAE04EC0-301F-11D3-BF4B-00C04F79EFBC}") = "FoodBank.EF", "FoodBank.EF\FoodBank.EF.csproj", "{C5E41018-F539-46EC-93EC-B99F546B5F7A}"
EndProject
Global
	GlobalSection(SolutionConfigurationPlatforms) = preSolution
		Debug|Any CPU = Debug|Any CPU
		Release|Any CPU = Release|Any CPU
	EndGlobalSection
	GlobalSection(ProjectConfigurationPlatforms) = postSolution
		{79B7B0CB-344E-401E-8CDF-7D9395C96DB3}.Debug|Any CPU.ActiveCfg = Debug|Any CPU
		{79B7B0CB-344E-401E-8CDF-7D9395C96DB3}.Debug|Any CPU.Build.0 = Debug|Any CPU
		{79B7B0CB-344E-401E-8CDF-7D9395C96DB3}.Release|Any CPU.ActiveCfg = Release|Any CPU
		{79B7B0CB-344E-401E-8CDF-7D9395C96DB3}.Release|Any CPU.Build.0 = Release|Any CPU
		{1204AD5E-F10A-49C4-A768-870B3CDC62B3}.Debug|Any CPU.ActiveCfg = Debug|Any CPU
		{1204AD5E-F10A-49C4-A768-870B3CDC62B3}.Debug|Any CPU.Build.0 = Debug|Any CPU
		{1204AD5E-F10A-49C4-A768-870B3CDC62B3}.Release|Any CPU.ActiveCfg = Release|Any CPU
		{1204AD5E-F10A-49C4-A768-870B3CDC62B3}.Release|Any CPU.Build.0 = Release|Any CPU
		{C5E41018-F539-46EC-93EC-B99F546B5F7A}.Debug|Any CPU.ActiveCfg = Debug|Any CPU
		{C5E41018-F539-46EC-93EC-B99F546B5F7A}.Debug|Any CPU.Build.0 = Debug|Any CPU
		{C5E41018-F539-46EC-93EC-B99F546B5F7A}.Release|Any CPU.ActiveCfg = Release|Any CPU
		{C5E41018-F539-46EC-93EC-B99F546B5F7A}.Release|Any CPU.Build.0 = Release|Any CPU
	EndGlobalSection
	GlobalSection(SolutionProperties) = preSolution
		HideSolutionNode = FALSE
	EndGlobalSection
	GlobalSection(ExtensibilityGlobals) = postSolution
		SolutionGuid = {099C1B25-14D3-445A-90C0-AFAE1304C00E}
	EndGlobalSection
EndGlobal
